
Microsoft Visual Studio Solution File, Format Version 12.00
# Visual Studio 15
VisualStudioVersion = 15.0.26403.3
MinimumVisualStudioVersion = 10.0.40219.1
Project("{FAE04EC0-301F-11D3-BF4B-00C04F79EFBC}") = "WeatherApp", "WeatherApp\WeatherApp.csproj", "{22928974-5F9E-46C9-8BF1-4491DA4B93FC}"
EndProject
Project("{FAE04EC0-301F-11D3-BF4B-00C04F79EFBC}") = "WeatherAppTests", "WeatherAppTests\WeatherAppTests.csproj", "{FA661115-0417-4E95-841C-3B79A701CBC2}"
EndProject
Global
	GlobalSection(SolutionConfigurationPlatforms) = preSolution
		Debug|Any CPU = Debug|Any CPU
		Release|Any CPU = Release|Any CPU
	EndGlobalSection
	GlobalSection(ProjectConfigurationPlatforms) = postSolution
		{22928974-5F9E-46C9-8BF1-4491DA4B93FC}.Debug|Any CPU.ActiveCfg = Debug|Any CPU
		{22928974-5F9E-46C9-8BF1-4491DA4B93FC}.Debug|Any CPU.Build.0 = Debug|Any CPU
		{22928974-5F9E-46C9-8BF1-4491DA4B93FC}.Release|Any CPU.ActiveCfg = Release|Any CPU
		{22928974-5F9E-46C9-8BF1-4491DA4B93FC}.Release|Any CPU.Build.0 = Release|Any CPU
		{FA661115-0417-4E95-841C-3B79A701CBC2}.Debug|Any CPU.ActiveCfg = Debug|Any CPU
		{FA661115-0417-4E95-841C-3B79A701CBC2}.Debug|Any CPU.Build.0 = Debug|Any CPU
		{FA661115-0417-4E95-841C-3B79A701CBC2}.Release|Any CPU.ActiveCfg = Release|Any CPU
		{FA661115-0417-4E95-841C-3B79A701CBC2}.Release|Any CPU.Build.0 = Release|Any CPU
	EndGlobalSection
	GlobalSection(SolutionProperties) = preSolution
		HideSolutionNode = FALSE
	EndGlobalSection
EndGlobal
